
Microsoft Visual Studio Solution File, Format Version 12.00
# Visual Studio Version 16
VisualStudioVersion = 16.0.31005.135
MinimumVisualStudioVersion = 10.0.40219.1
Project("{9A19103F-16F7-4668-BE54-9A1E7A4F7556}") = "UpcomingMovies.Domain", "UpcomingMovies.Domain\UpcomingMovies.Domain.csproj", "{66A1FFAD-187C-4BA6-9678-97B589B48FD9}"
EndProject
Project("{9A19103F-16F7-4668-BE54-9A1E7A4F7556}") = "UpcomingMovies.Service", "UpcomingMovies.Service\UpcomingMovies.Service.csproj", "{D6BD9AB6-8EEF-4E2F-BE36-A7CA42D8E5B6}"
EndProject
Project("{9A19103F-16F7-4668-BE54-9A1E7A4F7556}") = "UpcomingMovies.Application", "UpcomingMovies.Application\UpcomingMovies.Application.csproj", "{94AD81D2-54A8-4A98-8E60-9D57CA28F324}"
EndProject
Project("{FAE04EC0-301F-11D3-BF4B-00C04F79EFBC}") = "UpcomingMovies.Application.Test", "UpcomingMovies.Application.Test\UpcomingMovies.Application.Test.csproj", "{9B5802FB-62EC-467C-94BD-137AB26996A8}"
EndProject
Global
	GlobalSection(SolutionConfigurationPlatforms) = preSolution
		Debug|Any CPU = Debug|Any CPU
		Release|Any CPU = Release|Any CPU
	EndGlobalSection
	GlobalSection(ProjectConfigurationPlatforms) = postSolution
		{66A1FFAD-187C-4BA6-9678-97B589B48FD9}.Debug|Any CPU.ActiveCfg = Debug|Any CPU
		{66A1FFAD-187C-4BA6-9678-97B589B48FD9}.Debug|Any CPU.Build.0 = Debug|Any CPU
		{66A1FFAD-187C-4BA6-9678-97B589B48FD9}.Release|Any CPU.ActiveCfg = Release|Any CPU
		{66A1FFAD-187C-4BA6-9678-97B589B48FD9}.Release|Any CPU.Build.0 = Release|Any CPU
		{D6BD9AB6-8EEF-4E2F-BE36-A7CA42D8E5B6}.Debug|Any CPU.ActiveCfg = Debug|Any CPU
		{D6BD9AB6-8EEF-4E2F-BE36-A7CA42D8E5B6}.Debug|Any CPU.Build.0 = Debug|Any CPU
		{D6BD9AB6-8EEF-4E2F-BE36-A7CA42D8E5B6}.Release|Any CPU.ActiveCfg = Release|Any CPU
		{D6BD9AB6-8EEF-4E2F-BE36-A7CA42D8E5B6}.Release|Any CPU.Build.0 = Release|Any CPU
		{94AD81D2-54A8-4A98-8E60-9D57CA28F324}.Debug|Any CPU.ActiveCfg = Debug|Any CPU
		{94AD81D2-54A8-4A98-8E60-9D57CA28F324}.Debug|Any CPU.Build.0 = Debug|Any CPU
		{94AD81D2-54A8-4A98-8E60-9D57CA28F324}.Release|Any CPU.ActiveCfg = Release|Any CPU
		{94AD81D2-54A8-4A98-8E60-9D57CA28F324}.Release|Any CPU.Build.0 = Release|Any CPU
		{9B5802FB-62EC-467C-94BD-137AB26996A8}.Debug|Any CPU.ActiveCfg = Debug|Any CPU
		{9B5802FB-62EC-467C-94BD-137AB26996A8}.Debug|Any CPU.Build.0 = Debug|Any CPU
		{9B5802FB-62EC-467C-94BD-137AB26996A8}.Release|Any CPU.ActiveCfg = Release|Any CPU
		{9B5802FB-62EC-467C-94BD-137AB26996A8}.Release|Any CPU.Build.0 = Release|Any CPU
	EndGlobalSection
	GlobalSection(SolutionProperties) = preSolution
		HideSolutionNode = FALSE
	EndGlobalSection
	GlobalSection(NestedProjects) = preSolution
		{66A1FFAD-187C-4BA6-9678-97B589B48FD9} = {04D53702-13A9-4358-95C5-F00C1FE8E4BA}
		{D6BD9AB6-8EEF-4E2F-BE36-A7CA42D8E5B6} = {CA83F40E-ACA4-45D8-B196-233CAA44A278}
		{94AD81D2-54A8-4A98-8E60-9D57CA28F324} = {D5E73D6D-54C7-4C00-8DDD-3E7ADFC29949}
		{9B5802FB-62EC-467C-94BD-137AB26996A8} = {7E5D821C-2102-449C-BED0-5DF37291CAD6}
	EndGlobalSection
	GlobalSection(ExtensibilityGlobals) = postSolution
		SolutionGuid = {CB35EAB2-57C2-459C-B7C6-9ED4EC50C669}
	EndGlobalSection
EndGlobal
